
Microsoft Visual Studio Solution File, Format Version 12.00
# Visual Studio Version 17
VisualStudioVersion = 17.4.33205.214
MinimumVisualStudioVersion = 10.0.40219.1
Project("{9A19103F-16F7-4668-BE54-9A1E7A4F7556}") = "Fluxus.Api", "Fluxus.Api.csproj", "{8F33F210-315A-40E5-9803-25A34B39F540}"
EndProject
Global
	GlobalSection(SolutionConfigurationPlatforms) = preSolution
		Debug|Any CPU = Debug|Any CPU
		Release|Any CPU = Release|Any CPU
	EndGlobalSection
	GlobalSection(ProjectConfigurationPlatforms) = postSolution
		{8F33F210-315A-40E5-9803-25A34B39F540}.Debug|Any CPU.ActiveCfg = Debug|Any CPU
		{8F33F210-315A-40E5-9803-25A34B39F540}.Debug|Any CPU.Build.0 = Debug|Any CPU
		{8F33F210-315A-40E5-9803-25A34B39F540}.Release|Any CPU.ActiveCfg = Release|Any CPU
		{8F33F210-315A-40E5-9803-25A34B39F540}.Release|Any CPU.Build.0 = Release|Any CPU
	EndGlobalSection
	GlobalSection(SolutionProperties) = preSolution
		HideSolutionNode = FALSE
	EndGlobalSection
	GlobalSection(ExtensibilityGlobals) = postSolution
		SolutionGuid = {D3750D35-BC07-40AF-B23D-ED70BB9DB630}
	EndGlobalSection
EndGlobal
